
Microsoft Visual Studio Solution File, Format Version 12.00
# Visual Studio Version 17
VisualStudioVersion = 17.4.33110.190
MinimumVisualStudioVersion = 10.0.40219.1
Project("{FAE04EC0-301F-11D3-BF4B-00C04F79EFBC}") = "PlakDukkan.DATA", "PlakDukkani.DATA\PlakDukkan.DATA.csproj", "{0B811D6E-6C9C-424C-8367-651609311103}"
EndProject
Project("{FAE04EC0-301F-11D3-BF4B-00C04F79EFBC}") = "PlakDukkan.DAL", "PlakDukkani.DAL\PlakDukkan.DAL.csproj", "{8BE5108F-14C5-495C-B76E-71E3A6060651}"
EndProject
Project("{FAE04EC0-301F-11D3-BF4B-00C04F79EFBC}") = "PlakDukkan.UI", "PlakDukkan.UI\PlakDukkan.UI.csproj", "{4364F8C2-8D68-43EB-8856-213F7DE1120D}"
EndProject
Global
	GlobalSection(SolutionConfigurationPlatforms) = preSolution
		Debug|Any CPU = Debug|Any CPU
		Release|Any CPU = Release|Any CPU
	EndGlobalSection
	GlobalSection(ProjectConfigurationPlatforms) = postSolution
		{0B811D6E-6C9C-424C-8367-651609311103}.Debug|Any CPU.ActiveCfg = Debug|Any CPU
		{0B811D6E-6C9C-424C-8367-651609311103}.Debug|Any CPU.Build.0 = Debug|Any CPU
		{0B811D6E-6C9C-424C-8367-651609311103}.Release|Any CPU.ActiveCfg = Release|Any CPU
		{0B811D6E-6C9C-424C-8367-651609311103}.Release|Any CPU.Build.0 = Release|Any CPU
		{8BE5108F-14C5-495C-B76E-71E3A6060651}.Debug|Any CPU.ActiveCfg = Debug|Any CPU
		{8BE5108F-14C5-495C-B76E-71E3A6060651}.Debug|Any CPU.Build.0 = Debug|Any CPU
		{8BE5108F-14C5-495C-B76E-71E3A6060651}.Release|Any CPU.ActiveCfg = Release|Any CPU
		{8BE5108F-14C5-495C-B76E-71E3A6060651}.Release|Any CPU.Build.0 = Release|Any CPU
		{4364F8C2-8D68-43EB-8856-213F7DE1120D}.Debug|Any CPU.ActiveCfg = Debug|Any CPU
		{4364F8C2-8D68-43EB-8856-213F7DE1120D}.Debug|Any CPU.Build.0 = Debug|Any CPU
		{4364F8C2-8D68-43EB-8856-213F7DE1120D}.Release|Any CPU.ActiveCfg = Release|Any CPU
		{4364F8C2-8D68-43EB-8856-213F7DE1120D}.Release|Any CPU.Build.0 = Release|Any CPU
	EndGlobalSection
	GlobalSection(SolutionProperties) = preSolution
		HideSolutionNode = FALSE
	EndGlobalSection
	GlobalSection(ExtensibilityGlobals) = postSolution
		SolutionGuid = {6C7796FA-B8B3-464C-89A7-92F9BF2BFBFE}
	EndGlobalSection
EndGlobal
